
Microsoft Visual Studio Solution File, Format Version 12.00
# Visual Studio Version 17
VisualStudioVersion = 17.6.33829.357
MinimumVisualStudioVersion = 10.0.40219.1
Project("{9A19103F-16F7-4668-BE54-9A1E7A4F7556}") = "InlandMarinaLTD", "InlandMarinaLTD\InlandMarinaLTD.csproj", "{C8C853AA-46E4-44D2-B91E-2FA268246C69}"
EndProject
Project("{9A19103F-16F7-4668-BE54-9A1E7A4F7556}") = "InlandMarinaClasses", "InlandMarinaClasses\InlandMarinaClasses.csproj", "{83E5FE06-23CC-4565-870D-448E5A2DE066}"
	ProjectSection(ProjectDependencies) = postProject
		{C8C853AA-46E4-44D2-B91E-2FA268246C69} = {C8C853AA-46E4-44D2-B91E-2FA268246C69}
	EndProjectSection
EndProject
Global
	GlobalSection(SolutionConfigurationPlatforms) = preSolution
		Debug|Any CPU = Debug|Any CPU
		Release|Any CPU = Release|Any CPU
	EndGlobalSection
	GlobalSection(ProjectConfigurationPlatforms) = postSolution
		{C8C853AA-46E4-44D2-B91E-2FA268246C69}.Debug|Any CPU.ActiveCfg = Debug|Any CPU
		{C8C853AA-46E4-44D2-B91E-2FA268246C69}.Debug|Any CPU.Build.0 = Debug|Any CPU
		{C8C853AA-46E4-44D2-B91E-2FA268246C69}.Release|Any CPU.ActiveCfg = Release|Any CPU
		{C8C853AA-46E4-44D2-B91E-2FA268246C69}.Release|Any CPU.Build.0 = Release|Any CPU
		{83E5FE06-23CC-4565-870D-448E5A2DE066}.Debug|Any CPU.ActiveCfg = Debug|Any CPU
		{83E5FE06-23CC-4565-870D-448E5A2DE066}.Debug|Any CPU.Build.0 = Debug|Any CPU
		{83E5FE06-23CC-4565-870D-448E5A2DE066}.Release|Any CPU.ActiveCfg = Release|Any CPU
		{83E5FE06-23CC-4565-870D-448E5A2DE066}.Release|Any CPU.Build.0 = Release|Any CPU
	EndGlobalSection
	GlobalSection(SolutionProperties) = preSolution
		HideSolutionNode = FALSE
	EndGlobalSection
	GlobalSection(ExtensibilityGlobals) = postSolution
		SolutionGuid = {B6A894BC-4EE2-4A2E-AB61-91A9A12C87F6}
	EndGlobalSection
EndGlobal
